
Microsoft Visual Studio Solution File, Format Version 12.00
# Visual Studio Version 17
VisualStudioVersion = 17.3.32825.248
MinimumVisualStudioVersion = 10.0.40219.1
Project("{888888A0-9F3D-457C-B088-3A5042F75D52}") = "Python Computer Quiz", "Python Computer Quiz.pyproj", "{B3E4A383-09A1-4C61-8052-93E495883B53}"
EndProject
Global
	GlobalSection(SolutionConfigurationPlatforms) = preSolution
		Debug|Any CPU = Debug|Any CPU
		Release|Any CPU = Release|Any CPU
	EndGlobalSection
	GlobalSection(ProjectConfigurationPlatforms) = postSolution
		{B3E4A383-09A1-4C61-8052-93E495883B53}.Debug|Any CPU.ActiveCfg = Debug|Any CPU
		{B3E4A383-09A1-4C61-8052-93E495883B53}.Release|Any CPU.ActiveCfg = Release|Any CPU
	EndGlobalSection
	GlobalSection(SolutionProperties) = preSolution
		HideSolutionNode = FALSE
	EndGlobalSection
	GlobalSection(ExtensibilityGlobals) = postSolution
		SolutionGuid = {8845CE73-0026-49D7-86AC-BBAFAFD86573}
	EndGlobalSection
EndGlobal
